{
    "name": "oblivion-desktop",
    "version": "0.51.0-beta",
    "lockfileVersion": 2,
    "requires": true,
    "packages": {
        "": {
            "name": "oblivion-desktop",
            "version": "0.51.0-beta",
            "hasInstallScript": true,
            "license": "Restrictive"
        }
    }
}
